
Microsoft Visual Studio Solution File, Format Version 12.00
# Visual Studio Version 17
VisualStudioVersion = 17.5.001.0
MinimumVisualStudioVersion = 10.0.40219.1
Project("{9A19103F-16F7-4668-BE54-9A1E7A4F7556}") = "21", "21.csproj", "{0CE988E3-0386-4735-BEE8-C30568A8E9AD}"
EndProject
Global
	GlobalSection(SolutionConfigurationPlatforms) = preSolution
		Debug|Any CPU = Debug|Any CPU
		Release|Any CPU = Release|Any CPU
	EndGlobalSection
	GlobalSection(ProjectConfigurationPlatforms) = postSolution
		{0CE988E3-0386-4735-BEE8-C30568A8E9AD}.Debug|Any CPU.ActiveCfg = Debug|Any CPU
		{0CE988E3-0386-4735-BEE8-C30568A8E9AD}.Debug|Any CPU.Build.0 = Debug|Any CPU
		{0CE988E3-0386-4735-BEE8-C30568A8E9AD}.Release|Any CPU.ActiveCfg = Release|Any CPU
		{0CE988E3-0386-4735-BEE8-C30568A8E9AD}.Release|Any CPU.Build.0 = Release|Any CPU
	EndGlobalSection
	GlobalSection(SolutionProperties) = preSolution
		HideSolutionNode = FALSE
	EndGlobalSection
	GlobalSection(ExtensibilityGlobals) = postSolution
		SolutionGuid = {96B08D0D-F876-4027-9BB0-83E626BF3D6B}
	EndGlobalSection
EndGlobal
